
Microsoft Visual Studio Solution File, Format Version 12.00
# Visual Studio Version 17
VisualStudioVersion = 17.8.34330.188
MinimumVisualStudioVersion = 10.0.40219.1
Project("{9A19103F-16F7-4668-BE54-9A1E7A4F7556}") = "Support", "Support\Support.csproj", "{5FC2A5F2-D6BB-4943-9A0A-5254D8A730B3}"
EndProject
Project("{9A19103F-16F7-4668-BE54-9A1E7A4F7556}") = "WpfApp.Themes.BlueEX", "WpfApp.Themes.BlueEX\WpfApp.Themes.BlueEX.csproj", "{5960A484-0943-49F2-B7DB-9732F4FB87F1}"
EndProject
Project("{9A19103F-16F7-4668-BE54-9A1E7A4F7556}") = "WpfApp_TestVISA", "WpfApp_TestVISA\WpfApp_TestVISA.csproj", "{F6A910F4-4486-402F-8DFA-634F871F5A46}"
EndProject
Global
	GlobalSection(SolutionConfigurationPlatforms) = preSolution
		Debug|Any CPU = Debug|Any CPU
		Release|Any CPU = Release|Any CPU
	EndGlobalSection
	GlobalSection(ProjectConfigurationPlatforms) = postSolution
		{5FC2A5F2-D6BB-4943-9A0A-5254D8A730B3}.Debug|Any CPU.ActiveCfg = Debug|Any CPU
		{5FC2A5F2-D6BB-4943-9A0A-5254D8A730B3}.Debug|Any CPU.Build.0 = Debug|Any CPU
		{5FC2A5F2-D6BB-4943-9A0A-5254D8A730B3}.Release|Any CPU.ActiveCfg = Release|Any CPU
		{5FC2A5F2-D6BB-4943-9A0A-5254D8A730B3}.Release|Any CPU.Build.0 = Release|Any CPU
		{5960A484-0943-49F2-B7DB-9732F4FB87F1}.Debug|Any CPU.ActiveCfg = Debug|Any CPU
		{5960A484-0943-49F2-B7DB-9732F4FB87F1}.Debug|Any CPU.Build.0 = Debug|Any CPU
		{5960A484-0943-49F2-B7DB-9732F4FB87F1}.Release|Any CPU.ActiveCfg = Release|Any CPU
		{5960A484-0943-49F2-B7DB-9732F4FB87F1}.Release|Any CPU.Build.0 = Release|Any CPU
		{F6A910F4-4486-402F-8DFA-634F871F5A46}.Debug|Any CPU.ActiveCfg = Debug|Any CPU
		{F6A910F4-4486-402F-8DFA-634F871F5A46}.Debug|Any CPU.Build.0 = Debug|Any CPU
		{F6A910F4-4486-402F-8DFA-634F871F5A46}.Release|Any CPU.ActiveCfg = Release|Any CPU
		{F6A910F4-4486-402F-8DFA-634F871F5A46}.Release|Any CPU.Build.0 = Release|Any CPU
	EndGlobalSection
	GlobalSection(SolutionProperties) = preSolution
		HideSolutionNode = FALSE
	EndGlobalSection
	GlobalSection(ExtensibilityGlobals) = postSolution
		SolutionGuid = {4E05A952-ED3C-46A2-B305-692A7E8B2951}
	EndGlobalSection
EndGlobal
